
Microsoft Visual Studio Solution File, Format Version 12.00
# Visual Studio Version 16
VisualStudioVersion = 25.0.1705.4
MinimumVisualStudioVersion = 10.0.40219.1
Project("{FAE04EC0-301F-11D3-BF4B-00C04F79EFBC}") = "chapter-1", "chapter-1\chapter-1.csproj", "{65FBCDC7-B7EF-47E2-B96B-4B3277959DD6}"
EndProject
Project("{FAE04EC0-301F-11D3-BF4B-00C04F79EFBC}") = "chapter-2", "chapter-2\chapter-2.csproj", "{4305A8C3-8DB7-45A4-9449-2C8A6C73462D}"
EndProject
Project("{FAE04EC0-301F-11D3-BF4B-00C04F79EFBC}") = "chapter-2-part-2", "chapter-2-part-2\chapter-2-part-2.csproj", "{9C852918-B04E-470C-8AD3-3CAC06A524AA}"
EndProject
Project("{FAE04EC0-301F-11D3-BF4B-00C04F79EFBC}") = "chapter-3", "chapter-3\chapter-3.csproj", "{8CCF2523-0476-4C30-827C-9D8429FCA4C5}"
EndProject
Project("{FAE04EC0-301F-11D3-BF4B-00C04F79EFBC}") = "chapter-4", "chapter-4\chapter-4.csproj", "{7A788964-8C75-4EBB-A4B7-822B3B347C0A}"
EndProject
Global
	GlobalSection(SolutionConfigurationPlatforms) = preSolution
		Debug|Any CPU = Debug|Any CPU
		Release|Any CPU = Release|Any CPU
	EndGlobalSection
	GlobalSection(ProjectConfigurationPlatforms) = postSolution
		{65FBCDC7-B7EF-47E2-B96B-4B3277959DD6}.Debug|Any CPU.ActiveCfg = Debug|Any CPU
		{65FBCDC7-B7EF-47E2-B96B-4B3277959DD6}.Debug|Any CPU.Build.0 = Debug|Any CPU
		{65FBCDC7-B7EF-47E2-B96B-4B3277959DD6}.Release|Any CPU.ActiveCfg = Release|Any CPU
		{65FBCDC7-B7EF-47E2-B96B-4B3277959DD6}.Release|Any CPU.Build.0 = Release|Any CPU
		{4305A8C3-8DB7-45A4-9449-2C8A6C73462D}.Debug|Any CPU.ActiveCfg = Debug|Any CPU
		{4305A8C3-8DB7-45A4-9449-2C8A6C73462D}.Debug|Any CPU.Build.0 = Debug|Any CPU
		{4305A8C3-8DB7-45A4-9449-2C8A6C73462D}.Release|Any CPU.ActiveCfg = Release|Any CPU
		{4305A8C3-8DB7-45A4-9449-2C8A6C73462D}.Release|Any CPU.Build.0 = Release|Any CPU
		{9C852918-B04E-470C-8AD3-3CAC06A524AA}.Debug|Any CPU.ActiveCfg = Debug|Any CPU
		{9C852918-B04E-470C-8AD3-3CAC06A524AA}.Debug|Any CPU.Build.0 = Debug|Any CPU
		{9C852918-B04E-470C-8AD3-3CAC06A524AA}.Release|Any CPU.ActiveCfg = Release|Any CPU
		{9C852918-B04E-470C-8AD3-3CAC06A524AA}.Release|Any CPU.Build.0 = Release|Any CPU
		{8CCF2523-0476-4C30-827C-9D8429FCA4C5}.Debug|Any CPU.ActiveCfg = Debug|Any CPU
		{8CCF2523-0476-4C30-827C-9D8429FCA4C5}.Debug|Any CPU.Build.0 = Debug|Any CPU
		{8CCF2523-0476-4C30-827C-9D8429FCA4C5}.Release|Any CPU.ActiveCfg = Release|Any CPU
		{8CCF2523-0476-4C30-827C-9D8429FCA4C5}.Release|Any CPU.Build.0 = Release|Any CPU
		{7A788964-8C75-4EBB-A4B7-822B3B347C0A}.Debug|Any CPU.ActiveCfg = Debug|Any CPU
		{7A788964-8C75-4EBB-A4B7-822B3B347C0A}.Debug|Any CPU.Build.0 = Debug|Any CPU
		{7A788964-8C75-4EBB-A4B7-822B3B347C0A}.Release|Any CPU.ActiveCfg = Release|Any CPU
		{7A788964-8C75-4EBB-A4B7-822B3B347C0A}.Release|Any CPU.Build.0 = Release|Any CPU
	EndGlobalSection
	GlobalSection(SolutionProperties) = preSolution
		HideSolutionNode = FALSE
	EndGlobalSection
	GlobalSection(ExtensibilityGlobals) = postSolution
		SolutionGuid = {B3A3A54B-F636-4304-8F96-525A9B730837}
	EndGlobalSection
EndGlobal
